
Microsoft Visual Studio Solution File, Format Version 12.00
# Visual Studio Version 16
VisualStudioVersion = 16.0.29411.108
MinimumVisualStudioVersion = 10.0.40219.1
Project("{FAE04EC0-301F-11D3-BF4B-00C04F79EFBC}") = "ToyRobotSimulator.ConsoleApp", "ToyRobotSimulator.ConsoleApp.csproj", "{5D0C6F0A-C4FD-49E0-88C5-A935FF4353AB}"
EndProject
Project("{FAE04EC0-301F-11D3-BF4B-00C04F79EFBC}") = "ToyRobotSimulator.Fixtures", "..\ToyRobotSimulator.Fixtures\ToyRobotSimulator.Fixtures.csproj", "{9F7F4D8E-BD6E-457B-85F9-886C347B94D2}"
EndProject
Global
	GlobalSection(SolutionConfigurationPlatforms) = preSolution
		Debug|Any CPU = Debug|Any CPU
		Release|Any CPU = Release|Any CPU
	EndGlobalSection
	GlobalSection(ProjectConfigurationPlatforms) = postSolution
		{5D0C6F0A-C4FD-49E0-88C5-A935FF4353AB}.Debug|Any CPU.ActiveCfg = Debug|Any CPU
		{5D0C6F0A-C4FD-49E0-88C5-A935FF4353AB}.Debug|Any CPU.Build.0 = Debug|Any CPU
		{5D0C6F0A-C4FD-49E0-88C5-A935FF4353AB}.Release|Any CPU.ActiveCfg = Release|Any CPU
		{5D0C6F0A-C4FD-49E0-88C5-A935FF4353AB}.Release|Any CPU.Build.0 = Release|Any CPU
		{9F7F4D8E-BD6E-457B-85F9-886C347B94D2}.Debug|Any CPU.ActiveCfg = Debug|Any CPU
		{9F7F4D8E-BD6E-457B-85F9-886C347B94D2}.Debug|Any CPU.Build.0 = Debug|Any CPU
		{9F7F4D8E-BD6E-457B-85F9-886C347B94D2}.Release|Any CPU.ActiveCfg = Release|Any CPU
		{9F7F4D8E-BD6E-457B-85F9-886C347B94D2}.Release|Any CPU.Build.0 = Release|Any CPU
	EndGlobalSection
	GlobalSection(SolutionProperties) = preSolution
		HideSolutionNode = FALSE
	EndGlobalSection
	GlobalSection(ExtensibilityGlobals) = postSolution
		SolutionGuid = {DC2DEA5B-9DF7-425E-BCF8-F81097372DAE}
	EndGlobalSection
EndGlobal
